
Microsoft Visual Studio Solution File, Format Version 12.00
# Visual Studio Version 17
VisualStudioVersion = 17.5.002.0
MinimumVisualStudioVersion = 10.0.40219.1
Project("{9A19103F-16F7-4668-BE54-9A1E7A4F7556}") = "tests-cache-dotnet", "tests-cache-dotnet.csproj", "{7B72E596-9C98-4781-AAF7-5249A7864750}"
EndProject
Global
	GlobalSection(SolutionConfigurationPlatforms) = preSolution
		Debug|Any CPU = Debug|Any CPU
		Release|Any CPU = Release|Any CPU
	EndGlobalSection
	GlobalSection(ProjectConfigurationPlatforms) = postSolution
		{7B72E596-9C98-4781-AAF7-5249A7864750}.Debug|Any CPU.ActiveCfg = Debug|Any CPU
		{7B72E596-9C98-4781-AAF7-5249A7864750}.Debug|Any CPU.Build.0 = Debug|Any CPU
		{7B72E596-9C98-4781-AAF7-5249A7864750}.Release|Any CPU.ActiveCfg = Release|Any CPU
		{7B72E596-9C98-4781-AAF7-5249A7864750}.Release|Any CPU.Build.0 = Release|Any CPU
	EndGlobalSection
	GlobalSection(SolutionProperties) = preSolution
		HideSolutionNode = FALSE
	EndGlobalSection
	GlobalSection(ExtensibilityGlobals) = postSolution
		SolutionGuid = {CEBC9356-D21A-487F-83D4-33A134EDD6DE}
	EndGlobalSection
EndGlobal
